// !$*UTF8*$!
{
	archiveVersion = 1;
	classes = {
	};
	objectVersion = 46;
	objects = {

/* Begin PBXBuildFile section */
		A9B9508C1A6376C700D3AAE3 /* AppDelegate.swift in Sources */ = {isa = PBXBuildFile; fileRef = A9B9508B1A6376C700D3AAE3 /* AppDelegate.swift */; };
		A9B9508E1A6376C700D3AAE3 /* ViewController.swift in Sources */ = {isa = PBXBuildFile; fileRef = A9B9508D1A6376C700D3AAE3 /* ViewController.swift */; };
		A9B950911A6376C700D3AAE3 /* Main.storyboard in Resources */ = {isa = PBXBuildFile; fileRef = A9B9508F1A6376C700D3AAE3 /* Main.storyboard */; };
		A9B950931A6376C700D3AAE3 /* Images.xcassets in Resources */ = {isa = PBXBuildFile; fileRef = A9B950921A6376C700D3AAE3 /* Images.xcassets */; };
		A9B950961A6376C700D3AAE3 /* LaunchScreen.xib in Resources */ = {isa = PBXBuildFile; fileRef = A9B950941A6376C700D3AAE3 /* LaunchScreen.xib */; };
		A9B950A21A6376C700D3AAE3 /* JSONParserExampleTests.swift in Sources */ = {isa = PBXBuildFile; fileRef = A9B950A11A6376C700D3AAE3 /* JSONParserExampleTests.swift */; };
		A9B950E01A637B4400D3AAE3 /* BasicTypes.json in Resources */ = {isa = PBXBuildFile; fileRef = A9B950DF1A637B4400D3AAE3 /* BasicTypes.json */; };
/* End PBXBuildFile section */

/* Begin PBXContainerItemProxy section */
		A9B9509C1A6376C700D3AAE3 /* PBXContainerItemProxy */ = {
			isa = PBXContainerItemProxy;
			containerPortal = A9B9507E1A6376C700D3AAE3 /* Project object */;
			proxyType = 1;
			remoteGlobalIDString = A9B950851A6376C700D3AAE3;
			remoteInfo = JSONParserExample;
		};
		A9B950D71A6377E300D3AAE3 /* PBXContainerItemProxy */ = {
			isa = PBXContainerItemProxy;
			containerPortal = A9B950CF1A6377E200D3AAE3 /* SwiftJSONParser.xcodeproj */;
			proxyType = 2;
			remoteGlobalIDString = A974F6CB19AE9A7700B9AB30;
			remoteInfo = SwiftJSONParser;
		};
		A9B950D91A6377E300D3AAE3 /* PBXContainerItemProxy */ = {
			isa = PBXContainerItemProxy;
			containerPortal = A9B950CF1A6377E200D3AAE3 /* SwiftJSONParser.xcodeproj */;
			proxyType = 2;
			remoteGlobalIDString = A974F6D619AE9A7800B9AB30;
			remoteInfo = SwiftJSONParserTests;
		};
		A9B950DB1A6377FA00D3AAE3 /* PBXContainerItemProxy */ = {
			isa = PBXContainerItemProxy;
			containerPortal = A9B950CF1A6377E200D3AAE3 /* SwiftJSONParser.xcodeproj */;
			proxyType = 1;
			remoteGlobalIDString = A974F6CA19AE9A7700B9AB30;
			remoteInfo = SwiftJSONParser;
		};
/* End PBXContainerItemProxy section */

/* Begin PBXFileReference section */
		A9B950861A6376C700D3AAE3 /* JSONParserExample.app */ = {isa = PBXFileReference; explicitFileType = wrapper.application; includeInIndex = 0; path = JSONParserExample.app; sourceTree = BUILT_PRODUCTS_DIR; };
		A9B9508A1A6376C700D3AAE3 /* Info.plist */ = {isa = PBXFileReference; lastKnownFileType = text.plist.xml; path = Info.plist; sourceTree = "<group>"; };
		A9B9508B1A6376C700D3AAE3 /* AppDelegate.swift */ = {isa = PBXFileReference; lastKnownFileType = sourcecode.swift; path = AppDelegate.swift; sourceTree = "<group>"; };
		A9B9508D1A6376C700D3AAE3 /* ViewController.swift */ = {isa = PBXFileReference; lastKnownFileType = sourcecode.swift; path = ViewController.swift; sourceTree = "<group>"; };
		A9B950901A6376C700D3AAE3 /* Base */ = {isa = PBXFileReference; lastKnownFileType = file.storyboard; name = Base; path = Base.lproj/Main.storyboard; sourceTree = "<group>"; };
		A9B950921A6376C700D3AAE3 /* Images.xcassets */ = {isa = PBXFileReference; lastKnownFileType = folder.assetcatalog; path = Images.xcassets; sourceTree = "<group>"; };
		A9B950951A6376C700D3AAE3 /* Base */ = {isa = PBXFileReference; lastKnownFileType = file.xib; name = Base; path = Base.lproj/LaunchScreen.xib; sourceTree = "<group>"; };
		A9B9509B1A6376C700D3AAE3 /* JSONParserExampleTests.xctest */ = {isa = PBXFileReference; explicitFileType = wrapper.cfbundle; includeInIndex = 0; path = JSONParserExampleTests.xctest; sourceTree = BUILT_PRODUCTS_DIR; };
		A9B950A01A6376C700D3AAE3 /* Info.plist */ = {isa = PBXFileReference; lastKnownFileType = text.plist.xml; path = Info.plist; sourceTree = "<group>"; };
		A9B950A11A6376C700D3AAE3 /* JSONParserExampleTests.swift */ = {isa = PBXFileReference; lastKnownFileType = sourcecode.swift; path = JSONParserExampleTests.swift; sourceTree = "<group>"; };
		A9B950CF1A6377E200D3AAE3 /* SwiftJSONParser.xcodeproj */ = {isa = PBXFileReference; lastKnownFileType = "wrapper.pb-project"; path = SwiftJSONParser.xcodeproj; sourceTree = "<group>"; };
		A9B950DF1A637B4400D3AAE3 /* BasicTypes.json */ = {isa = PBXFileReference; fileEncoding = 4; lastKnownFileType = text.json; path = BasicTypes.json; sourceTree = "<group>"; };
/* End PBXFileReference section */

/* Begin PBXFrameworksBuildPhase section */
		A9B950831A6376C700D3AAE3 /* Frameworks */ = {
			isa = PBXFrameworksBuildPhase;
			buildActionMask = 2147483647;
			files = (
			);
			runOnlyForDeploymentPostprocessing = 0;
		};
		A9B950981A6376C700D3AAE3 /* Frameworks */ = {
			isa = PBXFrameworksBuildPhase;
			buildActionMask = 2147483647;
			files = (
			);
			runOnlyForDeploymentPostprocessing = 0;
		};
/* End PBXFrameworksBuildPhase section */

/* Begin PBXGroup section */
		A9B9507D1A6376C700D3AAE3 = {
			isa = PBXGroup;
			children = (
				A9B950CF1A6377E200D3AAE3 /* SwiftJSONParser.xcodeproj */,
				A9B950881A6376C700D3AAE3 /* JSONParserExample */,
				A9B9509E1A6376C700D3AAE3 /* JSONParserExampleTests */,
				A9B950871A6376C700D3AAE3 /* Products */,
			);
			sourceTree = "<group>";
		};
		A9B950871A6376C700D3AAE3 /* Products */ = {
			isa = PBXGroup;
			children = (
				A9B950861A6376C700D3AAE3 /* JSONParserExample.app */,
				A9B9509B1A6376C700D3AAE3 /* JSONParserExampleTests.xctest */,
			);
			name = Products;
			sourceTree = "<group>";
		};
		A9B950881A6376C700D3AAE3 /* JSONParserExample */ = {
			isa = PBXGroup;
			children = (
				A9B9508B1A6376C700D3AAE3 /* AppDelegate.swift */,
				A9B9508D1A6376C700D3AAE3 /* ViewController.swift */,
				A9B9508F1A6376C700D3AAE3 /* Main.storyboard */,
				A9B950921A6376C700D3AAE3 /* Images.xcassets */,
				A9B950941A6376C700D3AAE3 /* LaunchScreen.xib */,
				A9B950891A6376C700D3AAE3 /* Supporting Files */,
			);
			path = JSONParserExample;
			sourceTree = "<group>";
		};
		A9B950891A6376C700D3AAE3 /* Supporting Files */ = {
			isa = PBXGroup;
			children = (
				A9B9508A1A6376C700D3AAE3 /* Info.plist */,
			);
			name = "Supporting Files";
			sourceTree = "<group>";
		};
		A9B9509E1A6376C700D3AAE3 /* JSONParserExampleTests */ = {
			isa = PBXGroup;
			children = (
				A9B950DF1A637B4400D3AAE3 /* BasicTypes.json */,
				A9B950A11A6376C700D3AAE3 /* JSONParserExampleTests.swift */,
				A9B9509F1A6376C700D3AAE3 /* Supporting Files */,
			);
			path = JSONParserExampleTests;
			sourceTree = "<group>";
		};
		A9B9509F1A6376C700D3AAE3 /* Supporting Files */ = {
			isa = PBXGroup;
			children = (
				A9B950A01A6376C700D3AAE3 /* Info.plist */,
			);
			name = "Supporting Files";
			sourceTree = "<group>";
		};
		A9B950D01A6377E200D3AAE3 /* Products */ = {
			isa = PBXGroup;
			children = (
				A9B950D81A6377E300D3AAE3 /* SwiftJSONParser.framework */,
				A9B950DA1A6377E300D3AAE3 /* SwiftJSONParserTests.xctest */,
			);
			name = Products;
			sourceTree = "<group>";
		};
/* End PBXGroup section */

/* Begin PBXNativeTarget section */
		A9B950851A6376C700D3AAE3 /* JSONParserExample */ = {
			isa = PBXNativeTarget;
			buildConfigurationList = A9B950A51A6376C700D3AAE3 /* Build configuration list for PBXNativeTarget "JSONParserExample" */;
			buildPhases = (
				A9B950821A6376C700D3AAE3 /* Sources */,
				A9B950831A6376C700D3AAE3 /* Frameworks */,
				A9B950841A6376C700D3AAE3 /* Resources */,
			);
			buildRules = (
			);
			dependencies = (
				A9B950DC1A6377FA00D3AAE3 /* PBXTargetDependency */,
			);
			name = JSONParserExample;
			productName = JSONParserExample;
			productReference = A9B950861A6376C700D3AAE3 /* JSONParserExample.app */;
			productType = "com.apple.product-type.application";
		};
		A9B9509A1A6376C700D3AAE3 /* JSONParserExampleTests */ = {
			isa = PBXNativeTarget;
			buildConfigurationList = A9B950A81A6376C700D3AAE3 /* Build configuration list for PBXNativeTarget "JSONParserExampleTests" */;
			buildPhases = (
				A9B950971A6376C700D3AAE3 /* Sources */,
				A9B950981A6376C700D3AAE3 /* Frameworks */,
				A9B950991A6376C700D3AAE3 /* Resources */,
			);
			buildRules = (
			);
			dependencies = (
				A9B9509D1A6376C700D3AAE3 /* PBXTargetDependency */,
			);
			name = JSONParserExampleTests;
			productName = JSONParserExampleTests;
			productReference = A9B9509B1A6376C700D3AAE3 /* JSONParserExampleTests.xctest */;
			productType = "com.apple.product-type.bundle.unit-test";
		};
/* End PBXNativeTarget section */

/* Begin PBXProject section */
		A9B9507E1A6376C700D3AAE3 /* Project object */ = {
			isa = PBXProject;
			attributes = {
				LastUpgradeCheck = 0610;
				ORGANIZATIONNAME = mrap;
				TargetAttributes = {
					A9B950851A6376C700D3AAE3 = {
						CreatedOnToolsVersion = 6.1.1;
						DevelopmentTeam = 8S26TG4YG6;
					};
					A9B9509A1A6376C700D3AAE3 = {
						CreatedOnToolsVersion = 6.1.1;
						TestTargetID = A9B950851A6376C700D3AAE3;
					};
				};
			};
			buildConfigurationList = A9B950811A6376C700D3AAE3 /* Build configuration list for PBXProject "JSONParserExample" */;
			compatibilityVersion = "Xcode 3.2";
			developmentRegion = English;
			hasScannedForEncodings = 0;
			knownRegions = (
				en,
				Base,
			);
			mainGroup = A9B9507D1A6376C700D3AAE3;
			productRefGroup = A9B950871A6376C700D3AAE3 /* Products */;
			projectDirPath = "";
			projectReferences = (
				{
					ProductGroup = A9B950D01A6377E200D3AAE3 /* Products */;
					ProjectRef = A9B950CF1A6377E200D3AAE3 /* SwiftJSONParser.xcodeproj */;
				},
			);
			projectRoot = "";
			targets = (
				A9B950851A6376C700D3AAE3 /* JSONParserExample */,
				A9B9509A1A6376C700D3AAE3 /* JSONParserExampleTests */,
			);
		};
/* End PBXProject section */

/* Begin PBXReferenceProxy section */
		A9B950D81A6377E300D3AAE3 /* SwiftJSONParser.framework */ = {
			isa = PBXReferenceProxy;
			fileType = wrapper.framework;
			path = SwiftJSONParser.framework;
			remoteRef = A9B950D71A6377E300D3AAE3 /* PBXContainerItemProxy */;
			sourceTree = BUILT_PRODUCTS_DIR;
		};
		A9B950DA1A6377E300D3AAE3 /* SwiftJSONParserTests.xctest */ = {
			isa = PBXReferenceProxy;
			fileType = wrapper.cfbundle;
			path = SwiftJSONParserTests.xctest;
			remoteRef = A9B950D91A6377E300D3AAE3 /* PBXContainerItemProxy */;
			sourceTree = BUILT_PRODUCTS_DIR;
		};
/* End PBXReferenceProxy section */

/* Begin PBXResourcesBuildPhase section */
		A9B950841A6376C700D3AAE3 /* Resources */ = {
			isa = PBXResourcesBuildPhase;
			buildActionMask = 2147483647;
			files = (
				A9B950911A6376C700D3AAE3 /* Main.storyboard in Resources */,
				A9B950961A6376C700D3AAE3 /* LaunchScreen.xib in Resources */,
				A9B950931A6376C700D3AAE3 /* Images.xcassets in Resources */,
			);
			runOnlyForDeploymentPostprocessing = 0;
		};
		A9B950991A6376C700D3AAE3 /* Resources */ = {
			isa = PBXResourcesBuildPhase;
			buildActionMask = 2147483647;
			files = (
				A9B950E01A637B4400D3AAE3 /* BasicTypes.json in Resources */,
			);
			runOnlyForDeploymentPostprocessing = 0;
		};
/* End PBXResourcesBuildPhase section */

/* Begin PBXSourcesBuildPhase section */
		A9B950821A6376C700D3AAE3 /* Sources */ = {
			isa = PBXSourcesBuildPhase;
			buildActionMask = 2147483647;
			files = (
				A9B9508E1A6376C700D3AAE3 /* ViewController.swift in Sources */,
				A9B9508C1A6376C700D3AAE3 /* AppDelegate.swift in Sources */,
			);
			runOnlyForDeploymentPostprocessing = 0;
		};
		A9B950971A6376C700D3AAE3 /* Sources */ = {
			isa = PBXSourcesBuildPhase;
			buildActionMask = 2147483647;
			files = (
				A9B950A21A6376C700D3AAE3 /* JSONParserExampleTests.swift in Sources */,
			);
			runOnlyForDeploymentPostprocessing = 0;
		};
/* End PBXSourcesBuildPhase section */

/* Begin PBXTargetDependency section */
		A9B9509D1A6376C700D3AAE3 /* PBXTargetDependency */ = {
			isa = PBXTargetDependency;
			target = A9B950851A6376C700D3AAE3 /* JSONParserExample */;
			targetProxy = A9B9509C1A6376C700D3AAE3 /* PBXContainerItemProxy */;
		};
		A9B950DC1A6377FA00D3AAE3 /* PBXTargetDependency */ = {
			isa = PBXTargetDependency;
			name = SwiftJSONParser;
			targetProxy = A9B950DB1A6377FA00D3AAE3 /* PBXContainerItemProxy */;
		};
/* End PBXTargetDependency section */

/* Begin PBXVariantGroup section */
		A9B9508F1A6376C700D3AAE3 /* Main.storyboard */ = {
			isa = PBXVariantGroup;
			children = (
				A9B950901A6376C700D3AAE3 /* Base */,
			);
			name = Main.storyboard;
			sourceTree = "<group>";
		};
		A9B950941A6376C700D3AAE3 /* LaunchScreen.xib */ = {
			isa = PBXVariantGroup;
			children = (
				A9B950951A6376C700D3AAE3 /* Base */,
			);
			name = LaunchScreen.xib;
			sourceTree = "<group>";
		};
/* End PBXVariantGroup section */

/* Begin XCBuildConfiguration section */
		A9B950A31A6376C700D3AAE3 /* Debug */ = {
			isa = XCBuildConfiguration;
			buildSettings = {
				ALWAYS_SEARCH_USER_PATHS = NO;
				CLANG_CXX_LANGUAGE_STANDARD = "gnu++0x";
				CLANG_CXX_LIBRARY = "libc++";
				CLANG_ENABLE_MODULES = YES;
				CLANG_ENABLE_OBJC_ARC = YES;
				CLANG_WARN_BOOL_CONVERSION = YES;
				CLANG_WARN_CONSTANT_CONVERSION = YES;
				CLANG_WARN_DIRECT_OBJC_ISA_USAGE = YES_ERROR;
				CLANG_WARN_EMPTY_BODY = YES;
				CLANG_WARN_ENUM_CONVERSION = YES;
				CLANG_WARN_INT_CONVERSION = YES;
				CLANG_WARN_OBJC_ROOT_CLASS = YES_ERROR;
				CLANG_WARN_UNREACHABLE_CODE = YES;
				CLANG_WARN__DUPLICATE_METHOD_MATCH = YES;
				"CODE_SIGN_IDENTITY[sdk=iphoneos*]" = "iPhone Developer";
				COPY_PHASE_STRIP = NO;
				ENABLE_STRICT_OBJC_MSGSEND = YES;
				GCC_C_LANGUAGE_STANDARD = gnu99;
				GCC_DYNAMIC_NO_PIC = NO;
				GCC_OPTIMIZATION_LEVEL = 0;
				GCC_PREPROCESSOR_DEFINITIONS = (
					"DEBUG=1",
					"$(inherited)",
				);
				GCC_SYMBOLS_PRIVATE_EXTERN = NO;
				GCC_WARN_64_TO_32_BIT_CONVERSION = YES;
				GCC_WARN_ABOUT_RETURN_TYPE = YES_ERROR;
				GCC_WARN_UNDECLARED_SELECTOR = YES;
				GCC_WARN_UNINITIALIZED_AUTOS = YES_AGGRESSIVE;
				GCC_WARN_UNUSED_FUNCTION = YES;
				GCC_WARN_UNUSED_VARIABLE = YES;
				IPHONEOS_DEPLOYMENT_TARGET = 8.1;
				MTL_ENABLE_DEBUG_INFO = YES;
				ONLY_ACTIVE_ARCH = YES;
				SDKROOT = iphoneos;
				SWIFT_OPTIMIZATION_LEVEL = "-Onone";
			};
			name = Debug;
		};
		A9B950A41A6376C700D3AAE3 /* Release */ = {
			isa = XCBuildConfiguration;
			buildSettings = {
				ALWAYS_SEARCH_USER_PATHS = NO;
				CLANG_CXX_LANGUAGE_STANDARD = "gnu++0x";
				CLANG_CXX_LIBRARY = "libc++";
				CLANG_ENABLE_MODULES = YES;
				CLANG_ENABLE_OBJC_ARC = YES;
				CLANG_WARN_BOOL_CONVERSION = YES;
				CLANG_WARN_CONSTANT_CONVERSION = YES;
				CLANG_WARN_DIRECT_OBJC_ISA_USAGE = YES_ERROR;
				CLANG_WARN_EMPTY_BODY = YES;
				CLANG_WARN_ENUM_CONVERSION = YES;
				CLANG_WARN_INT_CONVERSION = YES;
				CLANG_WARN_OBJC_ROOT_CLASS = YES_ERROR;
				CLANG_WARN_UNREACHABLE_CODE = YES;
				CLANG_WARN__DUPLICATE_METHOD_MATCH = YES;
				"CODE_SIGN_IDENTITY[sdk=iphoneos*]" = "iPhone Developer";
				COPY_PHASE_STRIP = YES;
				ENABLE_NS_ASSERTIONS = NO;
				ENABLE_STRICT_OBJC_MSGSEND = YES;
				GCC_C_LANGUAGE_STANDARD = gnu99;
				GCC_WARN_64_TO_32_BIT_CONVERSION = YES;
				GCC_WARN_ABOUT_RETURN_TYPE = YES_ERROR;
				GCC_WARN_UNDECLARED_SELECTOR = YES;
				GCC_WARN_UNINITIALIZED_AUTOS = YES_AGGRESSIVE;
				GCC_WARN_UNUSED_FUNCTION = YES;
				GCC_WARN_UNUSED_VARIABLE = YES;
				IPHONEOS_DEPLOYMENT_TARGET = 8.1;
				MTL_ENABLE_DEBUG_INFO = NO;
				SDKROOT = iphoneos;
				VALIDATE_PRODUCT = YES;
			};
			name = Release;
		};
		A9B950A61A6376C700D3AAE3 /* Debug */ = {
			isa = XCBuildConfiguration;
			buildSettings = {
				ASSETCATALOG_COMPILER_APPICON_NAME = AppIcon;
				INFOPLIST_FILE = JSONParserExample/Info.plist;
				LD_RUNPATH_SEARCH_PATHS = "$(inherited) @executable_path/Frameworks";
				PRODUCT_NAME = "$(TARGET_NAME)";
			};
			name = Debug;
		};
		A9B950A71A6376C700D3AAE3 /* Release */ = {
			isa = XCBuildConfiguration;
			buildSettings = {
				ASSETCATALOG_COMPILER_APPICON_NAME = AppIcon;
				INFOPLIST_FILE = JSONParserExample/Info.plist;
				LD_RUNPATH_SEARCH_PATHS = "$(inherited) @executable_path/Frameworks";
				PRODUCT_NAME = "$(TARGET_NAME)";
			};
			name = Release;
		};
		A9B950A91A6376C700D3AAE3 /* Debug */ = {
			isa = XCBuildConfiguration;
			buildSettings = {
				BUNDLE_LOADER = "$(TEST_HOST)";
				FRAMEWORK_SEARCH_PATHS = (
					"$(SDKROOT)/Developer/Library/Frameworks",
					"$(inherited)",
				);
				GCC_PREPROCESSOR_DEFINITIONS = (
					"DEBUG=1",
					"$(inherited)",
				);
				INFOPLIST_FILE = JSONParserExampleTests/Info.plist;
				LD_RUNPATH_SEARCH_PATHS = "$(inherited) @executable_path/Frameworks @loader_path/Frameworks";
				PRODUCT_NAME = "$(TARGET_NAME)";
				TEST_HOST = "$(BUILT_PRODUCTS_DIR)/JSONParserExample.app/JSONParserExample";
			};
			name = Debug;
		};
		A9B950AA1A6376C700D3AAE3 /* Release */ = {
			isa = XCBuildConfiguration;
			buildSettings = {
				BUNDLE_LOADER = "$(TEST_HOST)";
				FRAMEWORK_SEARCH_PATHS = (
					"$(SDKROOT)/Developer/Library/Frameworks",
					"$(inherited)",
				);
				INFOPLIST_FILE = JSONParserExampleTests/Info.plist;
				LD_RUNPATH_SEARCH_PATHS = "$(inherited) @executable_path/Frameworks @loader_path/Frameworks";
				PRODUCT_NAME = "$(TARGET_NAME)";
				TEST_HOST = "$(BUILT_PRODUCTS_DIR)/JSONParserExample.app/JSONParserExample";
			};
			name = Release;
		};
/* End XCBuildConfiguration section */

/* Begin XCConfigurationList section */
		A9B950811A6376C700D3AAE3 /* Build configuration list for PBXProject "JSONParserExample" */ = {
			isa = XCConfigurationList;
			buildConfigurations = (
				A9B950A31A6376C700D3AAE3 /* Debug */,
				A9B950A41A6376C700D3AAE3 /* Release */,
			);
			defaultConfigurationIsVisible = 0;
			defaultConfigurationName = Release;
		};
		A9B950A51A6376C700D3AAE3 /* Build configuration list for PBXNativeTarget "JSONParserExample" */ = {
			isa = XCConfigurationList;
			buildConfigurations = (
				A9B950A61A6376C700D3AAE3 /* Debug */,
				A9B950A71A6376C700D3AAE3 /* Release */,
			);
			defaultConfigurationIsVisible = 0;
		};
		A9B950A81A6376C700D3AAE3 /* Build configuration list for PBXNativeTarget "JSONParserExampleTests" */ = {
			isa = XCConfigurationList;
			buildConfigurations = (
				A9B950A91A6376C700D3AAE3 /* Debug */,
				A9B950AA1A6376C700D3AAE3 /* Release */,
			);
			defaultConfigurationIsVisible = 0;
		};
/* End XCConfigurationList section */
	};
	rootObject = A9B9507E1A6376C700D3AAE3 /* Project object */;
}
